Microsoft Visual Studio Solution File, Format Version 12.00
# Visual Studio Version 17
VisualStudioVersion = 17.5.2.0
MinimumVisualStudioVersion = 10.0.40219.1
Project("{FAE04EC0-301F-11D3-BF4B-00C04F79EFBC}") = "yahoo-graphs-back", "yahoo-graphs-back.csproj", "{53CA514C-27D0-C5EF-EBCD-5489A45D8437}"
EndProject
Global
	GlobalSection(SolutionConfigurationPlatforms) = preSolution
		Debug|Any CPU = Debug|Any CPU
		Release|Any CPU = Release|Any CPU
	EndGlobalSection
	GlobalSection(ProjectConfigurationPlatforms) = postSolution
		{53CA514C-27D0-C5EF-EBCD-5489A45D8437}.Debug|Any CPU.ActiveCfg = Debug|Any CPU
		{53CA514C-27D0-C5EF-EBCD-5489A45D8437}.Debug|Any CPU.Build.0 = Debug|Any CPU
		{53CA514C-27D0-C5EF-EBCD-5489A45D8437}.Release|Any CPU.ActiveCfg = Release|Any CPU
		{53CA514C-27D0-C5EF-EBCD-5489A45D8437}.Release|Any CPU.Build.0 = Release|Any CPU
	EndGlobalSection
	GlobalSection(SolutionProperties) = preSolution
		HideSolutionNode = FALSE
	EndGlobalSection
	GlobalSection(ExtensibilityGlobals) = postSolution
		SolutionGuid = {5D24E164-EA30-42CE-A7F6-B355765E488B}
	EndGlobalSection
EndGlobal
